// !$*UTF8*$!
{
	archiveVersion = 1;
	classes = {
	};
	objectVersion = 46;
	objects = {

/* Begin PBXBuildFile section */
		20DF856B1B82A236000BA088 /* PhotoAlbumCollectionViewCell.swift in Sources */ = {isa = PBXBuildFile; fileRef = 20DF856A1B82A236000BA088 /* PhotoAlbumCollectionViewCell.swift */; };
		20F3A51C1B82F4EB00C48225 /* CoordinateRegion.swift in Sources */ = {isa = PBXBuildFile; fileRef = 20F3A51B1B82F4EB00C48225 /* CoordinateRegion.swift */; };
		20F459FD1B817A3C007A1E81 /* AppDelegate.swift in Sources */ = {isa = PBXBuildFile; fileRef = 20F459FC1B817A3C007A1E81 /* AppDelegate.swift */; };
		20F45A021B817A3C007A1E81 /* Main.storyboard in Resources */ = {isa = PBXBuildFile; fileRef = 20F45A001B817A3C007A1E81 /* Main.storyboard */; };
		20F45A041B817A3C007A1E81 /* Images.xcassets in Resources */ = {isa = PBXBuildFile; fileRef = 20F45A031B817A3C007A1E81 /* Images.xcassets */; };
		20F45A071B817A3C007A1E81 /* LaunchScreen.xib in Resources */ = {isa = PBXBuildFile; fileRef = 20F45A051B817A3C007A1E81 /* LaunchScreen.xib */; };
		20F45A131B817A3C007A1E81 /* VirtualTouristTests.swift in Sources */ = {isa = PBXBuildFile; fileRef = 20F45A121B817A3C007A1E81 /* VirtualTouristTests.swift */; };
		20F45A201B817C0F007A1E81 /* TravelLocationsViewController.swift in Sources */ = {isa = PBXBuildFile; fileRef = 20F45A1F1B817C0F007A1E81 /* TravelLocationsViewController.swift */; };
		20F45A221B817CBE007A1E81 /* MapKit.framework in Frameworks */ = {isa = PBXBuildFile; fileRef = 20F45A211B817CBE007A1E81 /* MapKit.framework */; };
		20F45A241B817E54007A1E81 /* Pin.swift in Sources */ = {isa = PBXBuildFile; fileRef = 20F45A231B817E54007A1E81 /* Pin.swift */; };
		20F45A261B818825007A1E81 /* TabBarViewController.swift in Sources */ = {isa = PBXBuildFile; fileRef = 20F45A251B818825007A1E81 /* TabBarViewController.swift */; };
		20F45A281B81888D007A1E81 /* PhotoAlbumViewController.swift in Sources */ = {isa = PBXBuildFile; fileRef = 20F45A271B81888D007A1E81 /* PhotoAlbumViewController.swift */; };
		20F45A2A1B8188AC007A1E81 /* PlacesViewController.swift in Sources */ = {isa = PBXBuildFile; fileRef = 20F45A291B8188AC007A1E81 /* PlacesViewController.swift */; };
		20F45A2C1B81934D007A1E81 /* CommonRESTApi.swift in Sources */ = {isa = PBXBuildFile; fileRef = 20F45A2B1B81934D007A1E81 /* CommonRESTApi.swift */; };
		20F45A2E1B81946C007A1E81 /* FlickrClient.swift in Sources */ = {isa = PBXBuildFile; fileRef = 20F45A2D1B81946C007A1E81 /* FlickrClient.swift */; };
		20F45A301B81947D007A1E81 /* GooglePlacesClient.swift in Sources */ = {isa = PBXBuildFile; fileRef = 20F45A2F1B81947D007A1E81 /* GooglePlacesClient.swift */; };
		20F45A321B8194C3007A1E81 /* IJReachability.swift in Sources */ = {isa = PBXBuildFile; fileRef = 20F45A311B8194C3007A1E81 /* IJReachability.swift */; };
		20F45A341B81BD72007A1E81 /* Photo.swift in Sources */ = {isa = PBXBuildFile; fileRef = 20F45A331B81BD72007A1E81 /* Photo.swift */; };
		20F45A361B81C025007A1E81 /* Place.swift in Sources */ = {isa = PBXBuildFile; fileRef = 20F45A351B81C025007A1E81 /* Place.swift */; };
/* End PBXBuildFile section */

/* Begin PBXContainerItemProxy section */
		20F45A0D1B817A3C007A1E81 /* PBXContainerItemProxy */ = {
			isa = PBXContainerItemProxy;
			containerPortal = 20F459EF1B817A3C007A1E81 /* Project object */;
			proxyType = 1;
			remoteGlobalIDString = 20F459F61B817A3C007A1E81;
			remoteInfo = VirtualTourist;
		};
/* End PBXContainerItemProxy section */

/* Begin PBXFileReference section */
		20DF856A1B82A236000BA088 /* PhotoAlbumCollectionViewCell.swift */ = {isa = PBXFileReference; fileEncoding = 4; lastKnownFileType = sourcecode.swift; name = PhotoAlbumCollectionViewCell.swift; path = Views/PhotoAlbumCollectionViewCell.swift; sourceTree = "<group>"; };
		20F3A51B1B82F4EB00C48225 /* CoordinateRegion.swift */ = {isa = PBXFileReference; fileEncoding = 4; lastKnownFileType = sourcecode.swift; name = CoordinateRegion.swift; path = Models/CoordinateRegion.swift; sourceTree = "<group>"; };
		20F459F71B817A3C007A1E81 /* VirtualTourist.app */ = {isa = PBXFileReference; explicitFileType = wrapper.application; includeInIndex = 0; path = VirtualTourist.app; sourceTree = BUILT_PRODUCTS_DIR; };
		20F459FB1B817A3C007A1E81 /* Info.plist */ = {isa = PBXFileReference; lastKnownFileType = text.plist.xml; path = Info.plist; sourceTree = "<group>"; };
		20F459FC1B817A3C007A1E81 /* AppDelegate.swift */ = {isa = PBXFileReference; lastKnownFileType = sourcecode.swift; path = AppDelegate.swift; sourceTree = "<group>"; };
		20F45A011B817A3C007A1E81 /* Base */ = {isa = PBXFileReference; lastKnownFileType = file.storyboard; name = Base; path = Base.lproj/Main.storyboard; sourceTree = "<group>"; };
		20F45A031B817A3C007A1E81 /* Images.xcassets */ = {isa = PBXFileReference; lastKnownFileType = folder.assetcatalog; path = Images.xcassets; sourceTree = "<group>"; };
		20F45A061B817A3C007A1E81 /* Base */ = {isa = PBXFileReference; lastKnownFileType = file.xib; name = Base; path = Base.lproj/LaunchScreen.xib; sourceTree = "<group>"; };
		20F45A0C1B817A3C007A1E81 /* VirtualTouristTests.xctest */ = {isa = PBXFileReference; explicitFileType = wrapper.cfbundle; includeInIndex = 0; path = VirtualTouristTests.xctest; sourceTree = BUILT_PRODUCTS_DIR; };
		20F45A111B817A3C007A1E81 /* Info.plist */ = {isa = PBXFileReference; lastKnownFileType = text.plist.xml; path = Info.plist; sourceTree = "<group>"; };
		20F45A121B817A3C007A1E81 /* VirtualTouristTests.swift */ = {isa = PBXFileReference; lastKnownFileType = sourcecode.swift; path = VirtualTouristTests.swift; sourceTree = "<group>"; };
		20F45A1F1B817C0F007A1E81 /* TravelLocationsViewController.swift */ = {isa = PBXFileReference; fileEncoding = 4; lastKnownFileType = sourcecode.swift; name = TravelLocationsViewController.swift; path = Controllers/TravelLocationsViewController.swift; sourceTree = "<group>"; };
		20F45A211B817CBE007A1E81 /* MapKit.framework */ = {isa = PBXFileReference; lastKnownFileType = wrapper.framework; name = MapKit.framework; path = System/Library/Frameworks/MapKit.framework; sourceTree = SDKROOT; };
		20F45A231B817E54007A1E81 /* Pin.swift */ = {isa = PBXFileReference; fileEncoding = 4; lastKnownFileType = sourcecode.swift; name = Pin.swift; path = Models/Pin.swift; sourceTree = "<group>"; };
		20F45A251B818825007A1E81 /* TabBarViewController.swift */ = {isa = PBXFileReference; fileEncoding = 4; lastKnownFileType = sourcecode.swift; name = TabBarViewController.swift; path = Controllers/TabBarViewController.swift; sourceTree = "<group>"; };
		20F45A271B81888D007A1E81 /* PhotoAlbumViewController.swift */ = {isa = PBXFileReference; fileEncoding = 4; lastKnownFileType = sourcecode.swift; name = PhotoAlbumViewController.swift; path = Controllers/PhotoAlbumViewController.swift; sourceTree = "<group>"; };
		20F45A291B8188AC007A1E81 /* PlacesViewController.swift */ = {isa = PBXFileReference; fileEncoding = 4; lastKnownFileType = sourcecode.swift; name = PlacesViewController.swift; path = Controllers/PlacesViewController.swift; sourceTree = "<group>"; };
		20F45A2B1B81934D007A1E81 /* CommonRESTApi.swift */ = {isa = PBXFileReference; fileEncoding = 4; lastKnownFileType = sourcecode.swift; name = CommonRESTApi.swift; path = Models/CommonRESTApi.swift; sourceTree = "<group>"; };
		20F45A2D1B81946C007A1E81 /* FlickrClient.swift */ = {isa = PBXFileReference; fileEncoding = 4; lastKnownFileType = sourcecode.swift; name = FlickrClient.swift; path = Models/FlickrClient.swift; sourceTree = "<group>"; };
		20F45A2F1B81947D007A1E81 /* GooglePlacesClient.swift */ = {isa = PBXFileReference; fileEncoding = 4; lastKnownFileType = sourcecode.swift; name = GooglePlacesClient.swift; path = Models/GooglePlacesClient.swift; sourceTree = "<group>"; };
		20F45A311B8194C3007A1E81 /* IJReachability.swift */ = {isa = PBXFileReference; fileEncoding = 4; lastKnownFileType = sourcecode.swift; path = IJReachability.swift; sourceTree = "<group>"; };
		20F45A331B81BD72007A1E81 /* Photo.swift */ = {isa = PBXFileReference; fileEncoding = 4; lastKnownFileType = sourcecode.swift; name = Photo.swift; path = Models/Photo.swift; sourceTree = "<group>"; };
		20F45A351B81C025007A1E81 /* Place.swift */ = {isa = PBXFileReference; fileEncoding = 4; lastKnownFileType = sourcecode.swift; name = Place.swift; path = Models/Place.swift; sourceTree = "<group>"; };
/* End PBXFileReference section */

/* Begin PBXFrameworksBuildPhase section */
		20F459F41B817A3C007A1E81 /* Frameworks */ = {
			isa = PBXFrameworksBuildPhase;
			buildActionMask = 2147483647;
			files = (
				20F45A221B817CBE007A1E81 /* MapKit.framework in Frameworks */,
			);
			runOnlyForDeploymentPostprocessing = 0;
		};
		20F45A091B817A3C007A1E81 /* Frameworks */ = {
			isa = PBXFrameworksBuildPhase;
			buildActionMask = 2147483647;
			files = (
			);
			runOnlyForDeploymentPostprocessing = 0;
		};
/* End PBXFrameworksBuildPhase section */

/* Begin PBXGroup section */
		20DF85691B82A1EE000BA088 /* Views */ = {
			isa = PBXGroup;
			children = (
				20DF856A1B82A236000BA088 /* PhotoAlbumCollectionViewCell.swift */,
			);
			name = Views;
			sourceTree = "<group>";
		};
		20F459EE1B817A3C007A1E81 = {
			isa = PBXGroup;
			children = (
				20F45A211B817CBE007A1E81 /* MapKit.framework */,
				20F459F91B817A3C007A1E81 /* VirtualTourist */,
				20F45A0F1B817A3C007A1E81 /* VirtualTouristTests */,
				20F459F81B817A3C007A1E81 /* Products */,
			);
			sourceTree = "<group>";
		};
		20F459F81B817A3C007A1E81 /* Products */ = {
			isa = PBXGroup;
			children = (
				20F459F71B817A3C007A1E81 /* VirtualTourist.app */,
				20F45A0C1B817A3C007A1E81 /* VirtualTouristTests.xctest */,
			);
			name = Products;
			sourceTree = "<group>";
		};
		20F459F91B817A3C007A1E81 /* VirtualTourist */ = {
			isa = PBXGroup;
			children = (
				20F45A1D1B817B6C007A1E81 /* Models */,
				20DF85691B82A1EE000BA088 /* Views */,
				20F45A1C1B817B60007A1E81 /* Controllers */,
				20F459FC1B817A3C007A1E81 /* AppDelegate.swift */,
				20F45A001B817A3C007A1E81 /* Main.storyboard */,
				20F45A031B817A3C007A1E81 /* Images.xcassets */,
				20F45A051B817A3C007A1E81 /* LaunchScreen.xib */,
				20F459FA1B817A3C007A1E81 /* Supporting Files */,
				20F45A311B8194C3007A1E81 /* IJReachability.swift */,
			);
			path = VirtualTourist;
			sourceTree = "<group>";
		};
		20F459FA1B817A3C007A1E81 /* Supporting Files */ = {
			isa = PBXGroup;
			children = (
				20F459FB1B817A3C007A1E81 /* Info.plist */,
			);
			name = "Supporting Files";
			sourceTree = "<group>";
		};
		20F45A0F1B817A3C007A1E81 /* VirtualTouristTests */ = {
			isa = PBXGroup;
			children = (
				20F45A121B817A3C007A1E81 /* VirtualTouristTests.swift */,
				20F45A101B817A3C007A1E81 /* Supporting Files */,
			);
			path = VirtualTouristTests;
			sourceTree = "<group>";
		};
		20F45A101B817A3C007A1E81 /* Supporting Files */ = {
			isa = PBXGroup;
			children = (
				20F45A111B817A3C007A1E81 /* Info.plist */,
			);
			name = "Supporting Files";
			sourceTree = "<group>";
		};
		20F45A1C1B817B60007A1E81 /* Controllers */ = {
			isa = PBXGroup;
			children = (
				20F45A1F1B817C0F007A1E81 /* TravelLocationsViewController.swift */,
				20F45A251B818825007A1E81 /* TabBarViewController.swift */,
				20F45A271B81888D007A1E81 /* PhotoAlbumViewController.swift */,
				20F45A291B8188AC007A1E81 /* PlacesViewController.swift */,
			);
			name = Controllers;
			sourceTree = "<group>";
		};
		20F45A1D1B817B6C007A1E81 /* Models */ = {
			isa = PBXGroup;
			children = (
				20F45A231B817E54007A1E81 /* Pin.swift */,
				20F45A331B81BD72007A1E81 /* Photo.swift */,
				20F45A351B81C025007A1E81 /* Place.swift */,
				20F45A2B1B81934D007A1E81 /* CommonRESTApi.swift */,
				20F45A2D1B81946C007A1E81 /* FlickrClient.swift */,
				20F45A2F1B81947D007A1E81 /* GooglePlacesClient.swift */,
				20F3A51B1B82F4EB00C48225 /* CoordinateRegion.swift */,
			);
			name = Models;
			sourceTree = "<group>";
		};
/* End PBXGroup section */

/* Begin PBXNativeTarget section */
		20F459F61B817A3C007A1E81 /* VirtualTourist */ = {
			isa = PBXNativeTarget;
			buildConfigurationList = 20F45A161B817A3C007A1E81 /* Build configuration list for PBXNativeTarget "VirtualTourist" */;
			buildPhases = (
				20F459F31B817A3C007A1E81 /* Sources */,
				20F459F41B817A3C007A1E81 /* Frameworks */,
				20F459F51B817A3C007A1E81 /* Resources */,
			);
			buildRules = (
			);
			dependencies = (
			);
			name = VirtualTourist;
			productName = VirtualTourist;
			productReference = 20F459F71B817A3C007A1E81 /* VirtualTourist.app */;
			productType = "com.apple.product-type.application";
		};
		20F45A0B1B817A3C007A1E81 /* VirtualTouristTests */ = {
			isa = PBXNativeTarget;
			buildConfigurationList = 20F45A191B817A3C007A1E81 /* Build configuration list for PBXNativeTarget "VirtualTouristTests" */;
			buildPhases = (
				20F45A081B817A3C007A1E81 /* Sources */,
				20F45A091B817A3C007A1E81 /* Frameworks */,
				20F45A0A1B817A3C007A1E81 /* Resources */,
			);
			buildRules = (
			);
			dependencies = (
				20F45A0E1B817A3C007A1E81 /* PBXTargetDependency */,
			);
			name = VirtualTouristTests;
			productName = VirtualTouristTests;
			productReference = 20F45A0C1B817A3C007A1E81 /* VirtualTouristTests.xctest */;
			productType = "com.apple.product-type.bundle.unit-test";
		};
/* End PBXNativeTarget section */

/* Begin PBXProject section */
		20F459EF1B817A3C007A1E81 /* Project object */ = {
			isa = PBXProject;
			attributes = {
				LastUpgradeCheck = 0640;
				ORGANIZATIONNAME = "Object Coder";
				TargetAttributes = {
					20F459F61B817A3C007A1E81 = {
						CreatedOnToolsVersion = 6.4;
						SystemCapabilities = {
							com.apple.Maps.iOS = {
								enabled = 1;
							};
						};
					};
					20F45A0B1B817A3C007A1E81 = {
						CreatedOnToolsVersion = 6.4;
						TestTargetID = 20F459F61B817A3C007A1E81;
					};
				};
			};
			buildConfigurationList = 20F459F21B817A3C007A1E81 /* Build configuration list for PBXProject "VirtualTourist" */;
			compatibilityVersion = "Xcode 3.2";
			developmentRegion = English;
			hasScannedForEncodings = 0;
			knownRegions = (
				en,
				Base,
			);
			mainGroup = 20F459EE1B817A3C007A1E81;
			productRefGroup = 20F459F81B817A3C007A1E81 /* Products */;
			projectDirPath = "";
			projectRoot = "";
			targets = (
				20F459F61B817A3C007A1E81 /* VirtualTourist */,
				20F45A0B1B817A3C007A1E81 /* VirtualTouristTests */,
			);
		};
/* End PBXProject section */

/* Begin PBXResourcesBuildPhase section */
		20F459F51B817A3C007A1E81 /* Resources */ = {
			isa = PBXResourcesBuildPhase;
			buildActionMask = 2147483647;
			files = (
				20F45A021B817A3C007A1E81 /* Main.storyboard in Resources */,
				20F45A071B817A3C007A1E81 /* LaunchScreen.xib in Resources */,
				20F45A041B817A3C007A1E81 /* Images.xcassets in Resources */,
			);
			runOnlyForDeploymentPostprocessing = 0;
		};
		20F45A0A1B817A3C007A1E81 /* Resources */ = {
			isa = PBXResourcesBuildPhase;
			buildActionMask = 2147483647;
			files = (
			);
			runOnlyForDeploymentPostprocessing = 0;
		};
/* End PBXResourcesBuildPhase section */

/* Begin PBXSourcesBuildPhase section */
		20F459F31B817A3C007A1E81 /* Sources */ = {
			isa = PBXSourcesBuildPhase;
			buildActionMask = 2147483647;
			files = (
				20F45A2A1B8188AC007A1E81 /* PlacesViewController.swift in Sources */,
				20F45A301B81947D007A1E81 /* GooglePlacesClient.swift in Sources */,
				20F45A261B818825007A1E81 /* TabBarViewController.swift in Sources */,
				20F45A361B81C025007A1E81 /* Place.swift in Sources */,
				20F45A2C1B81934D007A1E81 /* CommonRESTApi.swift in Sources */,
				20F45A241B817E54007A1E81 /* Pin.swift in Sources */,
				20F459FD1B817A3C007A1E81 /* AppDelegate.swift in Sources */,
				20F45A281B81888D007A1E81 /* PhotoAlbumViewController.swift in Sources */,
				20F45A341B81BD72007A1E81 /* Photo.swift in Sources */,
				20F45A321B8194C3007A1E81 /* IJReachability.swift in Sources */,
				20F45A201B817C0F007A1E81 /* TravelLocationsViewController.swift in Sources */,
				20F45A2E1B81946C007A1E81 /* FlickrClient.swift in Sources */,
				20DF856B1B82A236000BA088 /* PhotoAlbumCollectionViewCell.swift in Sources */,
				20F3A51C1B82F4EB00C48225 /* CoordinateRegion.swift in Sources */,
			);
			runOnlyForDeploymentPostprocessing = 0;
		};
		20F45A081B817A3C007A1E81 /* Sources */ = {
			isa = PBXSourcesBuildPhase;
			buildActionMask = 2147483647;
			files = (
				20F45A131B817A3C007A1E81 /* VirtualTouristTests.swift in Sources */,
			);
			runOnlyForDeploymentPostprocessing = 0;
		};
/* End PBXSourcesBuildPhase section */

/* Begin PBXTargetDependency section */
		20F45A0E1B817A3C007A1E81 /* PBXTargetDependency */ = {
			isa = PBXTargetDependency;
			target = 20F459F61B817A3C007A1E81 /* VirtualTourist */;
			targetProxy = 20F45A0D1B817A3C007A1E81 /* PBXContainerItemProxy */;
		};
/* End PBXTargetDependency section */

/* Begin PBXVariantGroup section */
		20F45A001B817A3C007A1E81 /* Main.storyboard */ = {
			isa = PBXVariantGroup;
			children = (
				20F45A011B817A3C007A1E81 /* Base */,
			);
			name = Main.storyboard;
			sourceTree = "<group>";
		};
		20F45A051B817A3C007A1E81 /* LaunchScreen.xib */ = {
			isa = PBXVariantGroup;
			children = (
				20F45A061B817A3C007A1E81 /* Base */,
			);
			name = LaunchScreen.xib;
			sourceTree = "<group>";
		};
/* End PBXVariantGroup section */

/* Begin XCBuildConfiguration section */
		20F45A141B817A3C007A1E81 /* Debug */ = {
			isa = XCBuildConfiguration;
			buildSettings = {
				ALWAYS_SEARCH_USER_PATHS = NO;
				CLANG_CXX_LANGUAGE_STANDARD = "gnu++0x";
				CLANG_CXX_LIBRARY = "libc++";
				CLANG_ENABLE_MODULES = YES;
				CLANG_ENABLE_OBJC_ARC = YES;
				CLANG_WARN_BOOL_CONVERSION = YES;
				CLANG_WARN_CONSTANT_CONVERSION = YES;
				CLANG_WARN_DIRECT_OBJC_ISA_USAGE = YES_ERROR;
				CLANG_WARN_EMPTY_BODY = YES;
				CLANG_WARN_ENUM_CONVERSION = YES;
				CLANG_WARN_INT_CONVERSION = YES;
				CLANG_WARN_OBJC_ROOT_CLASS = YES_ERROR;
				CLANG_WARN_UNREACHABLE_CODE = YES;
				CLANG_WARN__DUPLICATE_METHOD_MATCH = YES;
				"CODE_SIGN_IDENTITY[sdk=iphoneos*]" = "iPhone Developer";
				COPY_PHASE_STRIP = NO;
				DEBUG_INFORMATION_FORMAT = "dwarf-with-dsym";
				ENABLE_STRICT_OBJC_MSGSEND = YES;
				GCC_C_LANGUAGE_STANDARD = gnu99;
				GCC_DYNAMIC_NO_PIC = NO;
				GCC_NO_COMMON_BLOCKS = YES;
				GCC_OPTIMIZATION_LEVEL = 0;
				GCC_PREPROCESSOR_DEFINITIONS = (
					"DEBUG=1",
					"$(inherited)",
				);
				GCC_SYMBOLS_PRIVATE_EXTERN = NO;
				GCC_WARN_64_TO_32_BIT_CONVERSION = YES;
				GCC_WARN_ABOUT_RETURN_TYPE = YES_ERROR;
				GCC_WARN_UNDECLARED_SELECTOR = YES;
				GCC_WARN_UNINITIALIZED_AUTOS = YES_AGGRESSIVE;
				GCC_WARN_UNUSED_FUNCTION = YES;
				GCC_WARN_UNUSED_VARIABLE = YES;
				IPHONEOS_DEPLOYMENT_TARGET = 8.4;
				MTL_ENABLE_DEBUG_INFO = YES;
				ONLY_ACTIVE_ARCH = YES;
				SDKROOT = iphoneos;
				SWIFT_OPTIMIZATION_LEVEL = "-Onone";
				TARGETED_DEVICE_FAMILY = "1,2";
			};
			name = Debug;
		};
		20F45A151B817A3C007A1E81 /* Release */ = {
			isa = XCBuildConfiguration;
			buildSettings = {
				ALWAYS_SEARCH_USER_PATHS = NO;
				CLANG_CXX_LANGUAGE_STANDARD = "gnu++0x";
				CLANG_CXX_LIBRARY = "libc++";
				CLANG_ENABLE_MODULES = YES;
				CLANG_ENABLE_OBJC_ARC = YES;
				CLANG_WARN_BOOL_CONVERSION = YES;
				CLANG_WARN_CONSTANT_CONVERSION = YES;
				CLANG_WARN_DIRECT_OBJC_ISA_USAGE = YES_ERROR;
				CLANG_WARN_EMPTY_BODY = YES;
				CLANG_WARN_ENUM_CONVERSION = YES;
				CLANG_WARN_INT_CONVERSION = YES;
				CLANG_WARN_OBJC_ROOT_CLASS = YES_ERROR;
				CLANG_WARN_UNREACHABLE_CODE = YES;
				CLANG_WARN__DUPLICATE_METHOD_MATCH = YES;
				"CODE_SIGN_IDENTITY[sdk=iphoneos*]" = "iPhone Developer";
				COPY_PHASE_STRIP = NO;
				DEBUG_INFORMATION_FORMAT = "dwarf-with-dsym";
				ENABLE_NS_ASSERTIONS = NO;
				ENABLE_STRICT_OBJC_MSGSEND = YES;
				GCC_C_LANGUAGE_STANDARD = gnu99;
				GCC_NO_COMMON_BLOCKS = YES;
				GCC_WARN_64_TO_32_BIT_CONVERSION = YES;
				GCC_WARN_ABOUT_RETURN_TYPE = YES_ERROR;
				GCC_WARN_UNDECLARED_SELECTOR = YES;
				GCC_WARN_UNINITIALIZED_AUTOS = YES_AGGRESSIVE;
				GCC_WARN_UNUSED_FUNCTION = YES;
				GCC_WARN_UNUSED_VARIABLE = YES;
				IPHONEOS_DEPLOYMENT_TARGET = 8.4;
				MTL_ENABLE_DEBUG_INFO = NO;
				SDKROOT = iphoneos;
				TARGETED_DEVICE_FAMILY = "1,2";
				VALIDATE_PRODUCT = YES;
			};
			name = Release;
		};
		20F45A171B817A3C007A1E81 /* Debug */ = {
			isa = XCBuildConfiguration;
			buildSettings = {
				ASSETCATALOG_COMPILER_APPICON_NAME = AppIcon;
				INFOPLIST_FILE = VirtualTourist/Info.plist;
				LD_RUNPATH_SEARCH_PATHS = "$(inherited) @executable_path/Frameworks";
				PRODUCT_NAME = "$(TARGET_NAME)";
			};
			name = Debug;
		};
		20F45A181B817A3C007A1E81 /* Release */ = {
			isa = XCBuildConfiguration;
			buildSettings = {
				ASSETCATALOG_COMPILER_APPICON_NAME = AppIcon;
				INFOPLIST_FILE = VirtualTourist/Info.plist;
				LD_RUNPATH_SEARCH_PATHS = "$(inherited) @executable_path/Frameworks";
				PRODUCT_NAME = "$(TARGET_NAME)";
			};
			name = Release;
		};
		20F45A1A1B817A3C007A1E81 /* Debug */ = {
			isa = XCBuildConfiguration;
			buildSettings = {
				BUNDLE_LOADER = "$(TEST_HOST)";
				FRAMEWORK_SEARCH_PATHS = (
					"$(SDKROOT)/Developer/Library/Frameworks",
					"$(inherited)",
				);
				GCC_PREPROCESSOR_DEFINITIONS = (
					"DEBUG=1",
					"$(inherited)",
				);
				INFOPLIST_FILE = VirtualTouristTests/Info.plist;
				LD_RUNPATH_SEARCH_PATHS = "$(inherited) @executable_path/Frameworks @loader_path/Frameworks";
				PRODUCT_NAME = "$(TARGET_NAME)";
				TEST_HOST = "$(BUILT_PRODUCTS_DIR)/VirtualTourist.app/VirtualTourist";
			};
			name = Debug;
		};
		20F45A1B1B817A3C007A1E81 /* Release */ = {
			isa = XCBuildConfiguration;
			buildSettings = {
				BUNDLE_LOADER = "$(TEST_HOST)";
				FRAMEWORK_SEARCH_PATHS = (
					"$(SDKROOT)/Developer/Library/Frameworks",
					"$(inherited)",
				);
				INFOPLIST_FILE = VirtualTouristTests/Info.plist;
				LD_RUNPATH_SEARCH_PATHS = "$(inherited) @executable_path/Frameworks @loader_path/Frameworks";
				PRODUCT_NAME = "$(TARGET_NAME)";
				TEST_HOST = "$(BUILT_PRODUCTS_DIR)/VirtualTourist.app/VirtualTourist";
			};
			name = Release;
		};
/* End XCBuildConfiguration section */

/* Begin XCConfigurationList section */
		20F459F21B817A3C007A1E81 /* Build configuration list for PBXProject "VirtualTourist" */ = {
			isa = XCConfigurationList;
			buildConfigurations = (
				20F45A141B817A3C007A1E81 /* Debug */,
				20F45A151B817A3C007A1E81 /* Release */,
			);
			defaultConfigurationIsVisible = 0;
			defaultConfigurationName = Release;
		};
		20F45A161B817A3C007A1E81 /* Build configuration list for PBXNativeTarget "VirtualTourist" */ = {
			isa = XCConfigurationList;
			buildConfigurations = (
				20F45A171B817A3C007A1E81 /* Debug */,
				20F45A181B817A3C007A1E81 /* Release */,
			);
			defaultConfigurationIsVisible = 0;
			defaultConfigurationName = Release;
		};
		20F45A191B817A3C007A1E81 /* Build configuration list for PBXNativeTarget "VirtualTouristTests" */ = {
			isa = XCConfigurationList;
			buildConfigurations = (
				20F45A1A1B817A3C007A1E81 /* Debug */,
				20F45A1B1B817A3C007A1E81 /* Release */,
			);
			defaultConfigurationIsVisible = 0;
			defaultConfigurationName = Release;
		};
/* End XCConfigurationList section */
	};
	rootObject = 20F459EF1B817A3C007A1E81 /* Project object */;
}
